// !$*UTF8*$!
{
	archiveVersion = 1;
	classes = {
	};
	objectVersion = 55;
	objects = {

/* Begin PBXBuildFile section */
		ED7EF85028B27A66009BEE89 /* ConfessionsApp.swift in Sources */ = {isa = PBXBuildFile; fileRef = ED7EF84F28B27A66009BEE89 /* ConfessionsApp.swift */; };
		ED7EF85228B27A66009BEE89 /* ContentView.swift in Sources */ = {isa = PBXBuildFile; fileRef = ED7EF85128B27A66009BEE89 /* ContentView.swift */; };
		ED7EF85428B27A66009BEE89 /* Assets.xcassets in Resources */ = {isa = PBXBuildFile; fileRef = ED7EF85328B27A66009BEE89 /* Assets.xcassets */; };
		ED7EF85728B27A66009BEE89 /* Preview Assets.xcassets in Resources */ = {isa = PBXBuildFile; fileRef = ED7EF85628B27A66009BEE89 /* Preview Assets.xcassets */; };
		ED7EF86928B27AA2009BEE89 /* ConfessionsFeedView.swift in Sources */ = {isa = PBXBuildFile; fileRef = ED7EF85E28B27AA2009BEE89 /* ConfessionsFeedView.swift */; };
		ED7EF86A28B27AA2009BEE89 /* ConfessionsNetworkManager.swift in Sources */ = {isa = PBXBuildFile; fileRef = ED7EF85F28B27AA2009BEE89 /* ConfessionsNetworkManager.swift */; };
		ED7EF86B28B27AA2009BEE89 /* SubmitConfessionView.swift in Sources */ = {isa = PBXBuildFile; fileRef = ED7EF86028B27AA2009BEE89 /* SubmitConfessionView.swift */; };
		ED7EF86C28B27AA2009BEE89 /* ConfessionsFeedCellView.swift in Sources */ = {isa = PBXBuildFile; fileRef = ED7EF86128B27AA2009BEE89 /* ConfessionsFeedCellView.swift */; };
		ED7EF86D28B27AA2009BEE89 /* ConfessionsCommentsView.swift in Sources */ = {isa = PBXBuildFile; fileRef = ED7EF86228B27AA2009BEE89 /* ConfessionsCommentsView.swift */; };
		ED7EF86E28B27AA2009BEE89 /* FullyCombinedConfessions.swift in Sources */ = {isa = PBXBuildFile; fileRef = ED7EF86328B27AA2009BEE89 /* FullyCombinedConfessions.swift */; };
		ED7EF86F28B27AA2009BEE89 /* ConfessionsComment.swift in Sources */ = {isa = PBXBuildFile; fileRef = ED7EF86528B27AA2009BEE89 /* ConfessionsComment.swift */; };
		ED7EF87028B27AA2009BEE89 /* SpecialScrolly.swift in Sources */ = {isa = PBXBuildFile; fileRef = ED7EF86628B27AA2009BEE89 /* SpecialScrolly.swift */; };
		ED7EF87128B27AA2009BEE89 /* ConfessionsFeedWithComments.swift in Sources */ = {isa = PBXBuildFile; fileRef = ED7EF86728B27AA2009BEE89 /* ConfessionsFeedWithComments.swift */; };
		ED7EF87228B27AA2009BEE89 /* ConfessionsExtensions.swift in Sources */ = {isa = PBXBuildFile; fileRef = ED7EF86828B27AA2009BEE89 /* ConfessionsExtensions.swift */; };
		ED7EF87528B27AC4009BEE89 /* SwiftyJSON in Frameworks */ = {isa = PBXBuildFile; productRef = ED7EF87428B27AC4009BEE89 /* SwiftyJSON */; };
		ED7EF87728B27B00009BEE89 /* Extensions.swift in Sources */ = {isa = PBXBuildFile; fileRef = ED7EF87628B27B00009BEE89 /* Extensions.swift */; };
/* End PBXBuildFile section */

/* Begin PBXFileReference section */
		ED7EF84C28B27A66009BEE89 /* Confessions.app */ = {isa = PBXFileReference; explicitFileType = wrapper.application; includeInIndex = 0; path = Confessions.app; sourceTree = BUILT_PRODUCTS_DIR; };
		ED7EF84F28B27A66009BEE89 /* ConfessionsApp.swift */ = {isa = PBXFileReference; lastKnownFileType = sourcecode.swift; path = ConfessionsApp.swift; sourceTree = "<group>"; };
		ED7EF85128B27A66009BEE89 /* ContentView.swift */ = {isa = PBXFileReference; lastKnownFileType = sourcecode.swift; path = ContentView.swift; sourceTree = "<group>"; };
		ED7EF85328B27A66009BEE89 /* Assets.xcassets */ = {isa = PBXFileReference; lastKnownFileType = folder.assetcatalog; path = Assets.xcassets; sourceTree = "<group>"; };
		ED7EF85628B27A66009BEE89 /* Preview Assets.xcassets */ = {isa = PBXFileReference; lastKnownFileType = folder.assetcatalog; path = "Preview Assets.xcassets"; sourceTree = "<group>"; };
		ED7EF85E28B27AA2009BEE89 /* ConfessionsFeedView.swift */ = {isa = PBXFileReference; fileEncoding = 4; lastKnownFileType = sourcecode.swift; name = ConfessionsFeedView.swift; path = Confessions/Confessions/ConfessionsFeedView.swift; sourceTree = SOURCE_ROOT; };
		ED7EF85F28B27AA2009BEE89 /* ConfessionsNetworkManager.swift */ = {isa = PBXFileReference; fileEncoding = 4; lastKnownFileType = sourcecode.swift; name = ConfessionsNetworkManager.swift; path = Confessions/Confessions/ConfessionsNetworkManager.swift; sourceTree = SOURCE_ROOT; };
		ED7EF86028B27AA2009BEE89 /* SubmitConfessionView.swift */ = {isa = PBXFileReference; fileEncoding = 4; lastKnownFileType = sourcecode.swift; name = SubmitConfessionView.swift; path = Confessions/Confessions/SubmitConfessionView.swift; sourceTree = SOURCE_ROOT; };
		ED7EF86128B27AA2009BEE89 /* ConfessionsFeedCellView.swift */ = {isa = PBXFileReference; fileEncoding = 4; lastKnownFileType = sourcecode.swift; name = ConfessionsFeedCellView.swift; path = Confessions/Confessions/ConfessionsFeedCellView.swift; sourceTree = SOURCE_ROOT; };
		ED7EF86228B27AA2009BEE89 /* ConfessionsCommentsView.swift */ = {isa = PBXFileReference; fileEncoding = 4; lastKnownFileType = sourcecode.swift; name = ConfessionsCommentsView.swift; path = Confessions/Confessions/ConfessionsCommentsView.swift; sourceTree = SOURCE_ROOT; };
		ED7EF86328B27AA2009BEE89 /* FullyCombinedConfessions.swift */ = {isa = PBXFileReference; fileEncoding = 4; lastKnownFileType = sourcecode.swift; name = FullyCombinedConfessions.swift; path = Confessions/Confessions/FullyCombinedConfessions.swift; sourceTree = SOURCE_ROOT; };
		ED7EF86428B27AA2009BEE89 /* MyPlayground.playground */ = {isa = PBXFileReference; lastKnownFileType = file.playground; name = MyPlayground.playground; path = Confessions/Confessions/MyPlayground.playground; sourceTree = SOURCE_ROOT; };
		ED7EF86528B27AA2009BEE89 /* ConfessionsComment.swift */ = {isa = PBXFileReference; fileEncoding = 4; lastKnownFileType = sourcecode.swift; name = ConfessionsComment.swift; path = Confessions/Confessions/ConfessionsComment.swift; sourceTree = SOURCE_ROOT; };
		ED7EF86628B27AA2009BEE89 /* SpecialScrolly.swift */ = {isa = PBXFileReference; fileEncoding = 4; lastKnownFileType = sourcecode.swift; name = SpecialScrolly.swift; path = Confessions/Confessions/SpecialScrolly.swift; sourceTree = SOURCE_ROOT; };
		ED7EF86728B27AA2009BEE89 /* ConfessionsFeedWithComments.swift */ = {isa = PBXFileReference; fileEncoding = 4; lastKnownFileType = sourcecode.swift; name = ConfessionsFeedWithComments.swift; path = Confessions/Confessions/ConfessionsFeedWithComments.swift; sourceTree = SOURCE_ROOT; };
		ED7EF86828B27AA2009BEE89 /* ConfessionsExtensions.swift */ = {isa = PBXFileReference; fileEncoding = 4; lastKnownFileType = sourcecode.swift; name = ConfessionsExtensions.swift; path = Confessions/Confessions/ConfessionsExtensions.swift; sourceTree = SOURCE_ROOT; };
		ED7EF87628B27B00009BEE89 /* Extensions.swift */ = {isa = PBXFileReference; lastKnownFileType = sourcecode.swift; path = Extensions.swift; sourceTree = "<group>"; };
/* End PBXFileReference section */

/* Begin PBXFrameworksBuildPhase section */
		ED7EF84928B27A66009BEE89 /* Frameworks */ = {
			isa = PBXFrameworksBuildPhase;
			buildActionMask = 2147483647;
			files = (
				ED7EF87528B27AC4009BEE89 /* SwiftyJSON in Frameworks */,
			);
			runOnlyForDeploymentPostprocessing = 0;
		};
/* End PBXFrameworksBuildPhase section */

/* Begin PBXGroup section */
		ED7EF84328B27A66009BEE89 = {
			isa = PBXGroup;
			children = (
				ED7EF87628B27B00009BEE89 /* Extensions.swift */,
				ED7EF84E28B27A66009BEE89 /* Confessions */,
				ED7EF84D28B27A66009BEE89 /* Products */,
			);
			sourceTree = "<group>";
		};
		ED7EF84D28B27A66009BEE89 /* Products */ = {
			isa = PBXGroup;
			children = (
				ED7EF84C28B27A66009BEE89 /* Confessions.app */,
			);
			name = Products;
			sourceTree = "<group>";
		};
		ED7EF84E28B27A66009BEE89 /* Confessions */ = {
			isa = PBXGroup;
			children = (
				ED7EF85D28B27A90009BEE89 /* C */,
				ED7EF84F28B27A66009BEE89 /* ConfessionsApp.swift */,
				ED7EF85128B27A66009BEE89 /* ContentView.swift */,
				ED7EF85328B27A66009BEE89 /* Assets.xcassets */,
				ED7EF85528B27A66009BEE89 /* Preview Content */,
			);
			path = Confessions;
			sourceTree = "<group>";
		};
		ED7EF85528B27A66009BEE89 /* Preview Content */ = {
			isa = PBXGroup;
			children = (
				ED7EF85628B27A66009BEE89 /* Preview Assets.xcassets */,
			);
			path = "Preview Content";
			sourceTree = "<group>";
		};
		ED7EF85D28B27A90009BEE89 /* C */ = {
			isa = PBXGroup;
			children = (
				ED7EF86528B27AA2009BEE89 /* ConfessionsComment.swift */,
				ED7EF86228B27AA2009BEE89 /* ConfessionsCommentsView.swift */,
				ED7EF86828B27AA2009BEE89 /* ConfessionsExtensions.swift */,
				ED7EF86128B27AA2009BEE89 /* ConfessionsFeedCellView.swift */,
				ED7EF85E28B27AA2009BEE89 /* ConfessionsFeedView.swift */,
				ED7EF86728B27AA2009BEE89 /* ConfessionsFeedWithComments.swift */,
				ED7EF85F28B27AA2009BEE89 /* ConfessionsNetworkManager.swift */,
				ED7EF86328B27AA2009BEE89 /* FullyCombinedConfessions.swift */,
				ED7EF86428B27AA2009BEE89 /* MyPlayground.playground */,
				ED7EF86628B27AA2009BEE89 /* SpecialScrolly.swift */,
				ED7EF86028B27AA2009BEE89 /* SubmitConfessionView.swift */,
			);
			path = C;
			sourceTree = "<group>";
		};
/* End PBXGroup section */

/* Begin PBXNativeTarget section */
		ED7EF84B28B27A66009BEE89 /* Confessions */ = {
			isa = PBXNativeTarget;
			buildConfigurationList = ED7EF85A28B27A66009BEE89 /* Build configuration list for PBXNativeTarget "Confessions" */;
			buildPhases = (
				ED7EF84828B27A66009BEE89 /* Sources */,
				ED7EF84928B27A66009BEE89 /* Frameworks */,
				ED7EF84A28B27A66009BEE89 /* Resources */,
			);
			buildRules = (
			);
			dependencies = (
			);
			name = Confessions;
			packageProductDependencies = (
				ED7EF87428B27AC4009BEE89 /* SwiftyJSON */,
			);
			productName = Confessions;
			productReference = ED7EF84C28B27A66009BEE89 /* Confessions.app */;
			productType = "com.apple.product-type.application";
		};
/* End PBXNativeTarget section */

/* Begin PBXProject section */
		ED7EF84428B27A66009BEE89 /* Project object */ = {
			isa = PBXProject;
			attributes = {
				BuildIndependentTargetsInParallel = 1;
				LastSwiftUpdateCheck = 1340;
				LastUpgradeCheck = 1340;
				TargetAttributes = {
					ED7EF84B28B27A66009BEE89 = {
						CreatedOnToolsVersion = 13.4.1;
					};
				};
			};
			buildConfigurationList = ED7EF84728B27A66009BEE89 /* Build configuration list for PBXProject "Confessions" */;
			compatibilityVersion = "Xcode 13.0";
			developmentRegion = en;
			hasScannedForEncodings = 0;
			knownRegions = (
				en,
				Base,
			);
			mainGroup = ED7EF84328B27A66009BEE89;
			packageReferences = (
				ED7EF87328B27AC4009BEE89 /* XCRemoteSwiftPackageReference "SwiftyJSON" */,
			);
			productRefGroup = ED7EF84D28B27A66009BEE89 /* Products */;
			projectDirPath = "";
			projectRoot = "";
			targets = (
				ED7EF84B28B27A66009BEE89 /* Confessions */,
			);
		};
/* End PBXProject section */

/* Begin PBXResourcesBuildPhase section */
		ED7EF84A28B27A66009BEE89 /* Resources */ = {
			isa = PBXResourcesBuildPhase;
			buildActionMask = 2147483647;
			files = (
				ED7EF85728B27A66009BEE89 /* Preview Assets.xcassets in Resources */,
				ED7EF85428B27A66009BEE89 /* Assets.xcassets in Resources */,
			);
			runOnlyForDeploymentPostprocessing = 0;
		};
/* End PBXResourcesBuildPhase section */

/* Begin PBXSourcesBuildPhase section */
		ED7EF84828B27A66009BEE89 /* Sources */ = {
			isa = PBXSourcesBuildPhase;
			buildActionMask = 2147483647;
			files = (
				ED7EF87028B27AA2009BEE89 /* SpecialScrolly.swift in Sources */,
				ED7EF86E28B27AA2009BEE89 /* FullyCombinedConfessions.swift in Sources */,
				ED7EF86D28B27AA2009BEE89 /* ConfessionsCommentsView.swift in Sources */,
				ED7EF85228B27A66009BEE89 /* ContentView.swift in Sources */,
				ED7EF86A28B27AA2009BEE89 /* ConfessionsNetworkManager.swift in Sources */,
				ED7EF85028B27A66009BEE89 /* ConfessionsApp.swift in Sources */,
				ED7EF86B28B27AA2009BEE89 /* SubmitConfessionView.swift in Sources */,
				ED7EF86928B27AA2009BEE89 /* ConfessionsFeedView.swift in Sources */,
				ED7EF87728B27B00009BEE89 /* Extensions.swift in Sources */,
				ED7EF87228B27AA2009BEE89 /* ConfessionsExtensions.swift in Sources */,
				ED7EF87128B27AA2009BEE89 /* ConfessionsFeedWithComments.swift in Sources */,
				ED7EF86C28B27AA2009BEE89 /* ConfessionsFeedCellView.swift in Sources */,
				ED7EF86F28B27AA2009BEE89 /* ConfessionsComment.swift in Sources */,
			);
			runOnlyForDeploymentPostprocessing = 0;
		};
/* End PBXSourcesBuildPhase section */

/* Begin XCBuildConfiguration section */
		ED7EF85828B27A66009BEE89 /* Debug */ = {
			isa = XCBuildConfiguration;
			buildSettings = {
				ALWAYS_SEARCH_USER_PATHS = NO;
				CLANG_ANALYZER_NONNULL = YES;
				CLANG_ANALYZER_NUMBER_OBJECT_CONVERSION = YES_AGGRESSIVE;
				CLANG_CXX_LANGUAGE_STANDARD = "gnu++17";
				CLANG_ENABLE_MODULES = YES;
				CLANG_ENABLE_OBJC_ARC = YES;
				CLANG_ENABLE_OBJC_WEAK = YES;
				CLANG_WARN_BLOCK_CAPTURE_AUTORELEASING = YES;
				CLANG_WARN_BOOL_CONVERSION = YES;
				CLANG_WARN_COMMA = YES;
				CLANG_WARN_CONSTANT_CONVERSION = YES;
				CLANG_WARN_DEPRECATED_OBJC_IMPLEMENTATIONS = YES;
				CLANG_WARN_DIRECT_OBJC_ISA_USAGE = YES_ERROR;
				CLANG_WARN_DOCUMENTATION_COMMENTS = YES;
				CLANG_WARN_EMPTY_BODY = YES;
				CLANG_WARN_ENUM_CONVERSION = YES;
				CLANG_WARN_INFINITE_RECURSION = YES;
				CLANG_WARN_INT_CONVERSION = YES;
				CLANG_WARN_NON_LITERAL_NULL_CONVERSION = YES;
				CLANG_WARN_OBJC_IMPLICIT_RETAIN_SELF = YES;
				CLANG_WARN_OBJC_LITERAL_CONVERSION = YES;
				CLANG_WARN_OBJC_ROOT_CLASS = YES_ERROR;
				CLANG_WARN_QUOTED_INCLUDE_IN_FRAMEWORK_HEADER = YES;
				CLANG_WARN_RANGE_LOOP_ANALYSIS = YES;
				CLANG_WARN_STRICT_PROTOTYPES = YES;
				CLANG_WARN_SUSPICIOUS_MOVE = YES;
				CLANG_WARN_UNGUARDED_AVAILABILITY = YES_AGGRESSIVE;
				CLANG_WARN_UNREACHABLE_CODE = YES;
				CLANG_WARN__DUPLICATE_METHOD_MATCH = YES;
				COPY_PHASE_STRIP = NO;
				DEBUG_INFORMATION_FORMAT = dwarf;
				ENABLE_STRICT_OBJC_MSGSEND = YES;
				ENABLE_TESTABILITY = YES;
				GCC_C_LANGUAGE_STANDARD = gnu11;
				GCC_DYNAMIC_NO_PIC = NO;
				GCC_NO_COMMON_BLOCKS = YES;
				GCC_OPTIMIZATION_LEVEL = 0;
				GCC_PREPROCESSOR_DEFINITIONS = (
					"DEBUG=1",
					"$(inherited)",
				);
				GCC_WARN_64_TO_32_BIT_CONVERSION = YES;
				GCC_WARN_ABOUT_RETURN_TYPE = YES_ERROR;
				GCC_WARN_UNDECLARED_SELECTOR = YES;
				GCC_WARN_UNINITIALIZED_AUTOS = YES_AGGRESSIVE;
				GCC_WARN_UNUSED_FUNCTION = YES;
				GCC_WARN_UNUSED_VARIABLE = YES;
				IPHONEOS_DEPLOYMENT_TARGET = 15.5;
				MTL_ENABLE_DEBUG_INFO = INCLUDE_SOURCE;
				MTL_FAST_MATH = YES;
				ONLY_ACTIVE_ARCH = YES;
				SDKROOT = iphoneos;
				SWIFT_ACTIVE_COMPILATION_CONDITIONS = DEBUG;
				SWIFT_OPTIMIZATION_LEVEL = "-Onone";
			};
			name = Debug;
		};
		ED7EF85928B27A66009BEE89 /* Release */ = {
			isa = XCBuildConfiguration;
			buildSettings = {
				ALWAYS_SEARCH_USER_PATHS = NO;
				CLANG_ANALYZER_NONNULL = YES;
				CLANG_ANALYZER_NUMBER_OBJECT_CONVERSION = YES_AGGRESSIVE;
				CLANG_CXX_LANGUAGE_STANDARD = "gnu++17";
				CLANG_ENABLE_MODULES = YES;
				CLANG_ENABLE_OBJC_ARC = YES;
				CLANG_ENABLE_OBJC_WEAK = YES;
				CLANG_WARN_BLOCK_CAPTURE_AUTORELEASING = YES;
				CLANG_WARN_BOOL_CONVERSION = YES;
				CLANG_WARN_COMMA = YES;
				CLANG_WARN_CONSTANT_CONVERSION = YES;
				CLANG_WARN_DEPRECATED_OBJC_IMPLEMENTATIONS = YES;
				CLANG_WARN_DIRECT_OBJC_ISA_USAGE = YES_ERROR;
				CLANG_WARN_DOCUMENTATION_COMMENTS = YES;
				CLANG_WARN_EMPTY_BODY = YES;
				CLANG_WARN_ENUM_CONVERSION = YES;
				CLANG_WARN_INFINITE_RECURSION = YES;
				CLANG_WARN_INT_CONVERSION = YES;
				CLANG_WARN_NON_LITERAL_NULL_CONVERSION = YES;
				CLANG_WARN_OBJC_IMPLICIT_RETAIN_SELF = YES;
				CLANG_WARN_OBJC_LITERAL_CONVERSION = YES;
				CLANG_WARN_OBJC_ROOT_CLASS = YES_ERROR;
				CLANG_WARN_QUOTED_INCLUDE_IN_FRAMEWORK_HEADER = YES;
				CLANG_WARN_RANGE_LOOP_ANALYSIS = YES;
				CLANG_WARN_STRICT_PROTOTYPES = YES;
				CLANG_WARN_SUSPICIOUS_MOVE = YES;
				CLANG_WARN_UNGUARDED_AVAILABILITY = YES_AGGRESSIVE;
				CLANG_WARN_UNREACHABLE_CODE = YES;
				CLANG_WARN__DUPLICATE_METHOD_MATCH = YES;
				COPY_PHASE_STRIP = NO;
				DEBUG_INFORMATION_FORMAT = "dwarf-with-dsym";
				ENABLE_NS_ASSERTIONS = NO;
				ENABLE_STRICT_OBJC_MSGSEND = YES;
				GCC_C_LANGUAGE_STANDARD = gnu11;
				GCC_NO_COMMON_BLOCKS = YES;
				GCC_WARN_64_TO_32_BIT_CONVERSION = YES;
				GCC_WARN_ABOUT_RETURN_TYPE = YES_ERROR;
				GCC_WARN_UNDECLARED_SELECTOR = YES;
				GCC_WARN_UNINITIALIZED_AUTOS = YES_AGGRESSIVE;
				GCC_WARN_UNUSED_FUNCTION = YES;
				GCC_WARN_UNUSED_VARIABLE = YES;
				IPHONEOS_DEPLOYMENT_TARGET = 15.5;
				MTL_ENABLE_DEBUG_INFO = NO;
				MTL_FAST_MATH = YES;
				SDKROOT = iphoneos;
				SWIFT_COMPILATION_MODE = wholemodule;
				SWIFT_OPTIMIZATION_LEVEL = "-O";
				VALIDATE_PRODUCT = YES;
			};
			name = Release;
		};
		ED7EF85B28B27A66009BEE89 /* Debug */ = {
			isa = XCBuildConfiguration;
			buildSettings = {
				ASSETCATALOG_COMPILER_APPICON_NAME = AppIcon;
				ASSETCATALOG_COMPILER_GLOBAL_ACCENT_COLOR_NAME = AccentColor;
				CODE_SIGN_STYLE = Automatic;
				CURRENT_PROJECT_VERSION = 1;
				DEVELOPMENT_ASSET_PATHS = "\"Confessions/Preview Content\"";
				DEVELOPMENT_TEAM = KYVYVR927G;
				ENABLE_PREVIEWS = YES;
				GENERATE_INFOPLIST_FILE = YES;
				INFOPLIST_KEY_UIApplicationSceneManifest_Generation = YES;
				INFOPLIST_KEY_UIApplicationSupportsIndirectInputEvents = YES;
				INFOPLIST_KEY_UILaunchScreen_Generation = YES;
				INFOPLIST_KEY_UISupportedInterfaceOrientations_iPad = "UIInterfaceOrientationPortrait UIInterfaceOrientationPortraitUpsideDown UIInterfaceOrientationLandscapeLeft UIInterfaceOrientationLandscapeRight";
				INFOPLIST_KEY_UISupportedInterfaceOrientations_iPhone = "UIInterfaceOrientationPortrait UIInterfaceOrientationLandscapeLeft UIInterfaceOrientationLandscapeRight";
				LD_RUNPATH_SEARCH_PATHS = (
					"$(inherited)",
					"@executable_path/Frameworks",
				);
				MARKETING_VERSION = 1.0;
				PRODUCT_BUNDLE_IDENTIFIER = com.eraverse.Confessions;
				PRODUCT_NAME = "$(TARGET_NAME)";
				SWIFT_EMIT_LOC_STRINGS = YES;
				SWIFT_VERSION = 5.0;
				TARGETED_DEVICE_FAMILY = "1,2";
			};
			name = Debug;
		};
		ED7EF85C28B27A66009BEE89 /* Release */ = {
			isa = XCBuildConfiguration;
			buildSettings = {
				ASSETCATALOG_COMPILER_APPICON_NAME = AppIcon;
				ASSETCATALOG_COMPILER_GLOBAL_ACCENT_COLOR_NAME = AccentColor;
				CODE_SIGN_STYLE = Automatic;
				CURRENT_PROJECT_VERSION = 1;
				DEVELOPMENT_ASSET_PATHS = "\"Confessions/Preview Content\"";
				DEVELOPMENT_TEAM = KYVYVR927G;
				ENABLE_PREVIEWS = YES;
				GENERATE_INFOPLIST_FILE = YES;
				INFOPLIST_KEY_UIApplicationSceneManifest_Generation = YES;
				INFOPLIST_KEY_UIApplicationSupportsIndirectInputEvents = YES;
				INFOPLIST_KEY_UILaunchScreen_Generation = YES;
				INFOPLIST_KEY_UISupportedInterfaceOrientations_iPad = "UIInterfaceOrientationPortrait UIInterfaceOrientationPortraitUpsideDown UIInterfaceOrientationLandscapeLeft UIInterfaceOrientationLandscapeRight";
				INFOPLIST_KEY_UISupportedInterfaceOrientations_iPhone = "UIInterfaceOrientationPortrait UIInterfaceOrientationLandscapeLeft UIInterfaceOrientationLandscapeRight";
				LD_RUNPATH_SEARCH_PATHS = (
					"$(inherited)",
					"@executable_path/Frameworks",
				);
				MARKETING_VERSION = 1.0;
				PRODUCT_BUNDLE_IDENTIFIER = com.eraverse.Confessions;
				PRODUCT_NAME = "$(TARGET_NAME)";
				SWIFT_EMIT_LOC_STRINGS = YES;
				SWIFT_VERSION = 5.0;
				TARGETED_DEVICE_FAMILY = "1,2";
			};
			name = Release;
		};
/* End XCBuildConfiguration section */

/* Begin XCConfigurationList section */
		ED7EF84728B27A66009BEE89 /* Build configuration list for PBXProject "Confessions" */ = {
			isa = XCConfigurationList;
			buildConfigurations = (
				ED7EF85828B27A66009BEE89 /* Debug */,
				ED7EF85928B27A66009BEE89 /* Release */,
			);
			defaultConfigurationIsVisible = 0;
			defaultConfigurationName = Release;
		};
		ED7EF85A28B27A66009BEE89 /* Build configuration list for PBXNativeTarget "Confessions" */ = {
			isa = XCConfigurationList;
			buildConfigurations = (
				ED7EF85B28B27A66009BEE89 /* Debug */,
				ED7EF85C28B27A66009BEE89 /* Release */,
			);
			defaultConfigurationIsVisible = 0;
			defaultConfigurationName = Release;
		};
/* End XCConfigurationList section */

/* Begin XCRemoteSwiftPackageReference section */
		ED7EF87328B27AC4009BEE89 /* XCRemoteSwiftPackageReference "SwiftyJSON" */ = {
			isa = XCRemoteSwiftPackageReference;
			repositoryURL = "https://github.com/SwiftyJSON/SwiftyJSON.git";
			requirement = {
				branch = master;
				kind = branch;
			};
		};
/* End XCRemoteSwiftPackageReference section */

/* Begin XCSwiftPackageProductDependency section */
		ED7EF87428B27AC4009BEE89 /* SwiftyJSON */ = {
			isa = XCSwiftPackageProductDependency;
			package = ED7EF87328B27AC4009BEE89 /* XCRemoteSwiftPackageReference "SwiftyJSON" */;
			productName = SwiftyJSON;
		};
/* End XCSwiftPackageProductDependency section */
	};
	rootObject = ED7EF84428B27A66009BEE89 /* Project object */;
}
